# This file is automatically @generated by Poetry 1.8.3 and should not be changed by hand.

[[package]]
name = "polling2"
version = "0.5.0"
description = "Updated polling utility with many configurable options"
optional = false
python-versions = "*"
files = [
    {file = "polling2-0.5.0-py2.py3-none-any.whl", hash = "sha256:ad86d56fbd7502f0856cac2d0109d595c18fa6c7fb12c88cee5e5d16c17286c1"},
    {file = "polling2-0.5.0.tar.gz", hash = "sha256:90b7da82cf7adbb48029724d3546af93f21ab6e592ec37c8c4619aedd010e342"},
]

[metadata]
lock-version = "2.0"
python-versions = "^3.11"
content-hash = "73676a399c69d3c52b6ca7ce6e83a88709503c83bd298f2cc519563ab3bc57d0"
