# This file is automatically @generated by Poetry 1.8.3 and should not be changed by hand.

[[package]]
name = "simplejson"
version = "3.19.3"
description = "Simple, fast, extensible JSON encoder/decoder for Python"
optional = false
python-versions = "!=3.0.*,!=3.1.*,!=3.2.*,>=2.5"
files = [
    {file = "simplejson-3.19.3-cp27-cp27m-manylinux1_i686.whl", hash = "sha256:f39caec26007a2d0efab6b8b1d74873ede9351962707afab622cc2285dd26ed0"},
    {file = "simplejson-3.19.3-cp27-cp27m-manylinux1_x86_64.whl", hash = "sha256:83c87706265ae3028e8460d08b05f30254c569772e859e5ba61fe8af2c883468"},
    {file = "simplejson-3.19.3-cp27-cp27m-manylinux2010_i686.whl", hash = "sha256:0b5ddd2c7d1d3f4d23224bc8a04bbf1430ae9a8149c05b90f8fc610f7f857a23"},
    {file = "simplejson-3.19.3-cp27-cp27m-manylinux2010_x86_64.whl", hash = "sha256:ad0e0b1ce9bd3edb5cf64b5b5b76eacbfdac8c5367153aeeec8a8b1407f68342"},
    {file = "simplejson-3.19.3-cp27-cp27mu-manylinux1_i686.whl", hash = "sha256:93be280fc69a952c76e261036312c20b910e7fa9e234f1d89bdfe3fa34f8a023"},
    {file = "simplejson-3.19.3-cp27-cp27mu-manylinux1_x86_64.whl", hash = "sha256:6d43e24b88c80f997081503f693be832fc90854f278df277dd54f8a4c847ab61"},
    {file = "simplejson-3.19.3-cp27-cp27mu-manylinux2010_i686.whl", hash = "sha256:2876027ebdd599d730d36464debe84619b0368e9a642ca6e7c601be55aed439e"},
    {file = "simplejson-3.19.3-cp27-cp27mu-manylinux2010_x86_64.whl", hash = "sha256:0766ca6222b410e08e0053a0dda3606cafb3973d5d00538307f631bb59743396"},
    {file = "simplejson-3.19.3-cp310-cp310-macosx_10_9_universal2.whl", hash = "sha256:50d8b742d74c449c4dcac570d08ce0f21f6a149d2d9cf7652dbf2ba9a1bc729a"},
    {file = "simplejson-3.19.3-cp310-cp310-macosx_10_9_x86_64.whl", hash = "sha256:dd011fc3c1d88b779645495fdb8189fb318a26981eebcce14109460e062f209b"},
    {file = "simplejson-3.19.3-cp310-cp310-macosx_11_0_arm64.whl", hash = "sha256:637c4d4b81825c1f4d651e56210bd35b5604034b192b02d2d8f17f7ce8c18f42"},
    {file = "simplejson-3.19.3-cp310-cp310-manylinux_2_17_aarch64.manylinux2014_aarch64.whl", hash = "sha256:2f56eb03bc9e432bb81adc8ecff2486d39feb371abb442964ffb44f6db23b332"},
    {file = "simplejson-3.19.3-cp310-cp310-manylinux_2_17_ppc64le.manylinux2014_ppc64le.whl", hash = "sha256:ef59a53be400c1fad2c914b8d74c9d42384fed5174f9321dd021b7017fd40270"},
    {file = "simplejson-3.19.3-cp310-cp310-manylinux_2_5_i686.manylinux1_i686.manylinux_2_17_i686.manylinux2014_i686.whl", hash = "sha256:72e8abbc86fcac83629a030888b45fed3a404d54161118be52cb491cd6975d3e"},
    {file = "simplejson-3.19.3-cp310-cp310-manylinux_2_5_x86_64.manylinux1_x86_64.manylinux_2_17_x86_64.manylinux2014_x86_64.whl", hash = "sha256:f8efb03ca77bd7725dfacc9254df00d73e6f43013cf39bd37ef1a8ed0ebb5165"},
    {file = "simplejson-3.19.3-cp310-cp310-musllinux_1_2_aarch64.whl", hash = "sha256:add8850db04b98507a8b62d248a326ecc8561e6d24336d1ca5c605bbfaab4cad"},
    {file = "simplejson-3.19.3-cp310-cp310-musllinux_1_2_i686.whl", hash = "sha256:fc3dc9fb413fc34c396f52f4c87de18d0bd5023804afa8ab5cc224deeb6a9900"},
    {file = "simplejson-3.19.3-cp310-cp310-musllinux_1_2_ppc64le.whl", hash = "sha256:4dfa420bb9225dd33b6efdabde7c6a671b51150b9b1d9c4e5cd74d3b420b3fe1"},
    {file = "simplejson-3.19.3-cp310-cp310-musllinux_1_2_x86_64.whl", hash = "sha256:7b5c472099b39b274dcde27f1113db8d818c9aa3ba8f78cbb8ad04a4c1ac2118"},
    {file = "simplejson-3.19.3-cp310-cp310-win32.whl", hash = "sha256:817abad79241ed4a507b3caf4d3f2be5079f39d35d4c550a061988986bffd2ec"},
    {file = "simplejson-3.19.3-cp310-cp310-win_amd64.whl", hash = "sha256:dd5b9b1783e14803e362a558680d88939e830db2466f3fa22df5c9319f8eea94"},
    {file = "simplejson-3.19.3-cp311-cp311-macosx_10_9_universal2.whl", hash = "sha256:e88abff510dcff903a18d11c2a75f9964e768d99c8d147839913886144b2065e"},
    {file = "simplejson-3.19.3-cp311-cp311-macosx_10_9_x86_64.whl", hash = "sha256:934a50a614fb831614db5dbfba35127ee277624dda4d15895c957d2f5d48610c"},
    {file = "simplejson-3.19.3-cp311-cp311-macosx_11_0_arm64.whl", hash = "sha256:212fce86a22188b0c7f53533b0f693ea9605c1a0f02c84c475a30616f55a744d"},
    {file = "simplejson-3.19.3-cp311-cp311-manylinux_2_17_aarch64.manylinux2014_aarch64.whl", hash = "sha256:5d9e8f836688a8fabe6a6b41b334aa550a6823f7b4ac3d3712fc0ad8655be9a8"},
    {file = "simplejson-3.19.3-cp311-cp311-manylinux_2_17_ppc64le.manylinux2014_ppc64le.whl", hash = "sha256:23228037dc5d41c36666384062904d74409a62f52283d9858fa12f4c22cffad1"},
    {file = "simplejson-3.19.3-cp311-cp311-manylinux_2_5_i686.manylinux1_i686.manylinux_2_17_i686.manylinux2014_i686.whl", hash = "sha256:0791f64fed7d4abad639491f8a6b1ba56d3c604eb94b50f8697359b92d983f36"},
    {file = "simplejson-3.19.3-cp311-cp311-manylinux_2_5_x86_64.manylinux1_x86_64.manylinux_2_17_x86_64.manylinux2014_x86_64.whl", hash = "sha256:c4f614581b61a26fbbba232a1391f6cee82bc26f2abbb6a0b44a9bba25c56a1c"},
    {file = "simplejson-3.19.3-cp311-cp311-musllinux_1_2_aarch64.whl", hash = "sha256:1df0aaf1cb787fdf34484ed4a1f0c545efd8811f6028623290fef1a53694e597"},
    {file = "simplejson-3.19.3-cp311-cp311-musllinux_1_2_i686.whl", hash = "sha256:951095be8d4451a7182403354c22ec2de3e513e0cc40408b689af08d02611588"},
    {file = "simplejson-3.19.3-cp311-cp311-musllinux_1_2_ppc64le.whl", hash = "sha256:2a954b30810988feeabde843e3263bf187697e0eb5037396276db3612434049b"},
    {file = "simplejson-3.19.3-cp311-cp311-musllinux_1_2_x86_64.whl", hash = "sha256:c40df31a75de98db2cdfead6074d4449cd009e79f54c1ebe5e5f1f153c68ad20"},
    {file = "simplejson-3.19.3-cp311-cp311-win32.whl", hash = "sha256:7e2a098c21ad8924076a12b6c178965d88a0ad75d1de67e1afa0a66878f277a5"},
    {file = "simplejson-3.19.3-cp311-cp311-win_amd64.whl", hash = "sha256:c9bedebdc5fdad48af8783022bae307746d54006b783007d1d3c38e10872a2c6"},
    {file = "simplejson-3.19.3-cp312-cp312-macosx_10_9_universal2.whl", hash = "sha256:66a0399e21c2112acacfebf3d832ebe2884f823b1c7e6d1363f2944f1db31a99"},
    {file = "simplejson-3.19.3-cp312-cp312-macosx_10_9_x86_64.whl", hash = "sha256:6ef9383c5e05f445be60f1735c1816163c874c0b1ede8bb4390aff2ced34f333"},
    {file = "simplejson-3.19.3-cp312-cp312-macosx_11_0_arm64.whl", hash = "sha256:42e5acf80d4d971238d4df97811286a044d720693092b20a56d5e56b7dcc5d09"},
    {file = "simplejson-3.19.3-cp312-cp312-manylinux_2_17_aarch64.manylinux2014_aarch64.whl", hash = "sha256:d0b0efc7279d768db7c74d3d07f0b5c81280d16ae3fb14e9081dc903e8360771"},
    {file = "simplejson-3.19.3-cp312-cp312-manylinux_2_17_ppc64le.manylinux2014_ppc64le.whl", hash = "sha256:0552eb06e7234da892e1d02365cd2b7b2b1f8233aa5aabdb2981587b7cc92ea0"},
    {file = "simplejson-3.19.3-cp312-cp312-manylinux_2_5_i686.manylinux1_i686.manylinux_2_17_i686.manylinux2014_i686.whl", hash = "sha256:5bf6a3b9a7d7191471b464fe38f684df10eb491ec9ea454003edb45a011ab187"},
    {file = "simplejson-3.19.3-cp312-cp312-manylinux_2_5_x86_64.manylinux1_x86_64.manylinux_2_17_x86_64.manylinux2014_x86_64.whl", hash = "sha256:7017329ca8d4dca94ad5e59f496e5fc77630aecfc39df381ffc1d37fb6b25832"},
    {file = "simplejson-3.19.3-cp312-cp312-musllinux_1_2_aarch64.whl", hash = "sha256:67a20641afebf4cfbcff50061f07daad1eace6e7b31d7622b6fa2c40d43900ba"},
    {file = "simplejson-3.19.3-cp312-cp312-musllinux_1_2_i686.whl", hash = "sha256:dd6a7dabcc4c32daf601bc45e01b79175dde4b52548becea4f9545b0a4428169"},
    {file = "simplejson-3.19.3-cp312-cp312-musllinux_1_2_ppc64le.whl", hash = "sha256:08f9b443a94e72dd02c87098c96886d35790e79e46b24e67accafbf13b73d43b"},
    {file = "simplejson-3.19.3-cp312-cp312-musllinux_1_2_x86_64.whl", hash = "sha256:fa97278ae6614346b5ca41a45a911f37a3261b57dbe4a00602048652c862c28b"},
    {file = "simplejson-3.19.3-cp312-cp312-win32.whl", hash = "sha256:ef28c3b328d29b5e2756903aed888960bc5df39b4c2eab157ae212f70ed5bf74"},
    {file = "simplejson-3.19.3-cp312-cp312-win_amd64.whl", hash = "sha256:1e662336db50ad665777e6548b5076329a94a0c3d4a0472971c588b3ef27de3a"},
    {file = "simplejson-3.19.3-cp313-cp313-macosx_10_13_universal2.whl", hash = "sha256:0959e6cb62e3994b5a40e31047ff97ef5c4138875fae31659bead691bed55896"},
    {file = "simplejson-3.19.3-cp313-cp313-macosx_10_13_x86_64.whl", hash = "sha256:7a7bfad839c624e139a4863007233a3f194e7c51551081f9789cba52e4da5167"},
    {file = "simplejson-3.19.3-cp313-cp313-macosx_11_0_arm64.whl", hash = "sha256:afab2f7f2486a866ff04d6d905e9386ca6a231379181a3838abce1f32fbdcc37"},
    {file = "simplejson-3.19.3-cp313-cp313-manylinux_2_17_aarch64.manylinux2014_aarch64.whl", hash = "sha256:d00313681015ac498e1736b304446ee6d1c72c5b287cd196996dad84369998f7"},
    {file = "simplejson-3.19.3-cp313-cp313-manylinux_2_17_ppc64le.manylinux2014_ppc64le.whl", hash = "sha256:d936ae682d5b878af9d9eb4d8bb1fdd5e41275c8eb59ceddb0aeed857bb264a2"},
    {file = "simplejson-3.19.3-cp313-cp313-manylinux_2_5_i686.manylinux1_i686.manylinux_2_17_i686.manylinux2014_i686.whl", hash = "sha256:01c6657485393f2e9b8177c77a7634f13ebe70d5e6de150aae1677d91516ce6b"},
    {file = "simplejson-3.19.3-cp313-cp313-manylinux_2_5_x86_64.manylinux1_x86_64.manylinux_2_17_x86_64.manylinux2014_x86_64.whl", hash = "sha256:2a6a750d3c7461b1c47cfc6bba8d9e57a455e7c5f80057d2a82f738040dd1129"},
    {file = "simplejson-3.19.3-cp313-cp313-musllinux_1_2_aarch64.whl", hash = "sha256:ea7a4a998c87c5674a27089e022110a1a08a7753f21af3baf09efe9915c23c3c"},
    {file = "simplejson-3.19.3-cp313-cp313-musllinux_1_2_i686.whl", hash = "sha256:6300680d83a399be2b8f3b0ef7ef90b35d2a29fe6e9c21438097e0938bbc1564"},
    {file = "simplejson-3.19.3-cp313-cp313-musllinux_1_2_ppc64le.whl", hash = "sha256:ab69f811a660c362651ae395eba8ce84f84c944cea0df5718ea0ba9d1e4e7252"},
    {file = "simplejson-3.19.3-cp313-cp313-musllinux_1_2_x86_64.whl", hash = "sha256:256e09d0f94d9c3d177d9e95fd27a68c875a4baa2046633df387b86b652f5747"},
    {file = "simplejson-3.19.3-cp313-cp313-win32.whl", hash = "sha256:2c78293470313aefa9cfc5e3f75ca0635721fb016fb1121c1c5b0cb8cc74712a"},
    {file = "simplejson-3.19.3-cp313-cp313-win_amd64.whl", hash = "sha256:3bbcdc438dc1683b35f7a8dc100960c721f922f9ede8127f63bed7dfded4c64c"},
    {file = "simplejson-3.19.3-cp36-cp36m-macosx_10_9_x86_64.whl", hash = "sha256:89b35433186e977fa86ff1fd179c1fadff39cfa3afa1648dab0b6ca53153acd9"},
    {file = "simplejson-3.19.3-cp36-cp36m-manylinux_2_17_aarch64.manylinux2014_aarch64.whl", hash = "sha256:d43c2d7504eda566c50203cdc9dc043aff6f55f1b7dae0dcd79dfefef9159d1c"},
    {file = "simplejson-3.19.3-cp36-cp36m-manylinux_2_17_ppc64le.manylinux2014_ppc64le.whl", hash = "sha256:6890ff9cf0bd2e1d487e2a8869ebd620a44684c0a9667fa5ee751d099d5d84c8"},
    {file = "simplejson-3.19.3-cp36-cp36m-manylinux_2_5_i686.manylinux1_i686.manylinux_2_17_i686.manylinux2014_i686.whl", hash = "sha256:1069143a8fb3905e1bc0696c62be7e3adf812e9f1976ac9ae15b05112ff57cc9"},
    {file = "simplejson-3.19.3-cp36-cp36m-manylinux_2_5_x86_64.manylinux1_x86_64.manylinux_2_17_x86_64.manylinux2014_x86_64.whl", hash = "sha256:cb324bb903330cbb35d87cce367a12631cd5720afa06e5b9c906483970946da6"},
    {file = "simplejson-3.19.3-cp36-cp36m-musllinux_1_2_aarch64.whl", hash = "sha256:0a32859d45d7b85fb803bb68f6bee14526991a1190269116c33399fa0daf9bbf"},
    {file = "simplejson-3.19.3-cp36-cp36m-musllinux_1_2_i686.whl", hash = "sha256:23833ee7e791ec968b744dfee2a2d39df7152050051096caf4296506d75608d8"},
    {file = "simplejson-3.19.3-cp36-cp36m-musllinux_1_2_ppc64le.whl", hash = "sha256:d73efb03c5b39249c82488a994f0998f9e4399e3d085209d2120503305ba77a8"},
    {file = "simplejson-3.19.3-cp36-cp36m-musllinux_1_2_x86_64.whl", hash = "sha256:7923878b7a0142d39763ec2dbecff3053c1bedd3653585a8474666e420fe83f5"},
    {file = "simplejson-3.19.3-cp36-cp36m-win32.whl", hash = "sha256:7355c7203353c36d46c4e7b6055293b3d2be097bbc5e2874a2b8a7259f0325dd"},
    {file = "simplejson-3.19.3-cp36-cp36m-win_amd64.whl", hash = "sha256:d1b8b4d6379fe55f471914345fe6171d81a18649dacf3248abfc9c349b4442eb"},
    {file = "simplejson-3.19.3-cp37-cp37m-macosx_10_9_x86_64.whl", hash = "sha256:d36608557b4dcd7a62c29ad4cd7c5a1720bbf7dc942eff9dc42d2c542a5f042d"},
    {file = "simplejson-3.19.3-cp37-cp37m-manylinux_2_17_aarch64.manylinux2014_aarch64.whl", hash = "sha256:7137e69c6781ecf23afab064be94a277236c9cba31aa48ff1a0ec3995c69171e"},
    {file = "simplejson-3.19.3-cp37-cp37m-manylinux_2_17_ppc64le.manylinux2014_ppc64le.whl", hash = "sha256:76f8c28fe2d426182405b18ddf3001fce47835a557dc15c3d8bdea01c03361da"},
    {file = "simplejson-3.19.3-cp37-cp37m-manylinux_2_5_i686.manylinux1_i686.manylinux_2_17_i686.manylinux2014_i686.whl", hash = "sha256:ff7bc1bbdaa3e487c9469128bf39408e91f5573901cb852e03af378d3582c52d"},
    {file = "simplejson-3.19.3-cp37-cp37m-manylinux_2_5_x86_64.manylinux1_x86_64.manylinux_2_17_x86_64.manylinux2014_x86_64.whl", hash = "sha256:a0782cb9bf827f0c488b6aa0f2819f618308a3caf2973cfd792e45d631bec4db"},
    {file = "simplejson-3.19.3-cp37-cp37m-musllinux_1_2_aarch64.whl", hash = "sha256:6fea0716c593dabb4392c4996d4e902a83b2428e6da82938cf28a523a11eb277"},
    {file = "simplejson-3.19.3-cp37-cp37m-musllinux_1_2_i686.whl", hash = "sha256:8f41bb5370b34f63171e65fdb00e12be1d83675cecb23e627df26f4c88dfc021"},
    {file = "simplejson-3.19.3-cp37-cp37m-musllinux_1_2_ppc64le.whl", hash = "sha256:37105d1d708365b91165e1a6e505bdecc88637091348cf4b6adcdcb4f5a5fb8b"},
    {file = "simplejson-3.19.3-cp37-cp37m-musllinux_1_2_x86_64.whl", hash = "sha256:b9198c1f1f8910a3b86b60f4fe2556d9d28d3fefe35bffe6be509a27402e694d"},
    {file = "simplejson-3.19.3-cp37-cp37m-win32.whl", hash = "sha256:bc164f32dd9691e7082ce5df24b4cf8c6c394bbf9bdeeb5d843127cd07ab8ad2"},
    {file = "simplejson-3.19.3-cp37-cp37m-win_amd64.whl", hash = "sha256:1bd41f2cb1a2c57656ceff67b12d005cb255c728265e222027ad73193a04005a"},
    {file = "simplejson-3.19.3-cp38-cp38-macosx_10_9_universal2.whl", hash = "sha256:0733ecd95ae03ae718ec74aad818f5af5f3155d596f7b242acbc1621e765e5fb"},
    {file = "simplejson-3.19.3-cp38-cp38-macosx_10_9_x86_64.whl", hash = "sha256:4a0710d1a5e41c4f829caa1572793dd3130c8d65c2b194c24ff29c4c305c26e0"},
    {file = "simplejson-3.19.3-cp38-cp38-macosx_11_0_arm64.whl", hash = "sha256:1a53a07320c5ff574d8b1a89c937ce33608832f166f39dff0581ac43dc979abd"},
    {file = "simplejson-3.19.3-cp38-cp38-manylinux_2_17_aarch64.manylinux2014_aarch64.whl", hash = "sha256:1773cabfba66a6337b547e45dafbd471b09487370bcab75bd28f626520410d29"},
    {file = "simplejson-3.19.3-cp38-cp38-manylinux_2_17_ppc64le.manylinux2014_ppc64le.whl", hash = "sha256:7c0104b4b7d2c75ccedbf1d9d5a3bd2daa75e51053935a44ba012e2fd4c43752"},
    {file = "simplejson-3.19.3-cp38-cp38-manylinux_2_5_i686.manylinux1_i686.manylinux_2_17_i686.manylinux2014_i686.whl", hash = "sha256:1c49eeb94b8f09dc8a5843c156a22b8bde6aa1ddc65ca8ddc62dddcc001e6a2d"},
    {file = "simplejson-3.19.3-cp38-cp38-manylinux_2_5_x86_64.manylinux1_x86_64.manylinux_2_17_x86_64.manylinux2014_x86_64.whl", hash = "sha256:3dc5c1a85ff388e98ea877042daec3d157b6db0d85bac6ba5498034689793e7e"},
    {file = "simplejson-3.19.3-cp38-cp38-musllinux_1_2_aarch64.whl", hash = "sha256:49549e3d81ab4a58424405aa545602674d8c35c20e986b42bb8668e782a94bac"},
    {file = "simplejson-3.19.3-cp38-cp38-musllinux_1_2_i686.whl", hash = "sha256:e1a1452ad5723ff129b081e3c8aa4ba56b8734fee4223355ed7b815a7ece69bc"},
    {file = "simplejson-3.19.3-cp38-cp38-musllinux_1_2_ppc64le.whl", hash = "sha256:d0d5a63f1768fed7e78cf55712dee81f5a345e34d34224f3507ebf71df2b754d"},
    {file = "simplejson-3.19.3-cp38-cp38-musllinux_1_2_x86_64.whl", hash = "sha256:7e062767ac165df9a46963f5735aa4eee0089ec1e48b3f2ec46182754b96f55e"},
    {file = "simplejson-3.19.3-cp38-cp38-win32.whl", hash = "sha256:56134bbafe458a7b21f6fddbf889d36bec6d903718f4430768e3af822f8e27c2"},
    {file = "simplejson-3.19.3-cp38-cp38-win_amd64.whl", hash = "sha256:bcde83a553a96dc7533736c547bddaa35414a2566ab0ecf7d3964fc4bdb84c11"},
    {file = "simplejson-3.19.3-cp39-cp39-macosx_10_9_universal2.whl", hash = "sha256:b5587feda2b65a79da985ae6d116daf6428bf7489992badc29fc96d16cd27b05"},
    {file = "simplejson-3.19.3-cp39-cp39-macosx_10_9_x86_64.whl", hash = "sha256:e0d2b00ecbcd1a3c5ea1abc8bb99a26508f758c1759fd01c3be482a3655a176f"},
    {file = "simplejson-3.19.3-cp39-cp39-macosx_11_0_arm64.whl", hash = "sha256:32a3ada8f3ea41db35e6d37b86dade03760f804628ec22e4fe775b703d567426"},
    {file = "simplejson-3.19.3-cp39-cp39-manylinux_2_17_aarch64.manylinux2014_aarch64.whl", hash = "sha256:6f455672f4738b0f47183c5896e3606cd65c9ddee3805a4d18e8c96aa3f47c84"},
    {file = "simplejson-3.19.3-cp39-cp39-manylinux_2_17_ppc64le.manylinux2014_ppc64le.whl", hash = "sha256:2b737a5fefedb8333fa50b8db3dcc9b1d18fd6c598f89fa7debff8b46bf4e511"},
    {file = "simplejson-3.19.3-cp39-cp39-manylinux_2_5_i686.manylinux1_i686.manylinux_2_17_i686.manylinux2014_i686.whl", hash = "sha256:eb47ee773ce67476a960e2db4a0a906680c54f662521550828c0cc57d0099426"},
    {file = "simplejson-3.19.3-cp39-cp39-manylinux_2_5_x86_64.manylinux1_x86_64.manylinux_2_17_x86_64.manylinux2014_x86_64.whl", hash = "sha256:eed8cd98a7b24861da9d3d937f5fbfb6657350c547528a117297fe49e3960667"},
    {file = "simplejson-3.19.3-cp39-cp39-musllinux_1_2_aarch64.whl", hash = "sha256:619756f1dd634b5bdf57d9a3914300526c3b348188a765e45b8b08eabef0c94e"},
    {file = "simplejson-3.19.3-cp39-cp39-musllinux_1_2_i686.whl", hash = "sha256:dd7230d061e755d60a4d5445bae854afe33444cdb182f3815cff26ac9fb29a15"},
    {file = "simplejson-3.19.3-cp39-cp39-musllinux_1_2_ppc64le.whl", hash = "sha256:101a3c8392028cd704a93c7cba8926594e775ca3c91e0bee82144e34190903f1"},
    {file = "simplejson-3.19.3-cp39-cp39-musllinux_1_2_x86_64.whl", hash = "sha256:1e557712fc79f251673aeb3fad3501d7d4da3a27eff0857af2e1d1afbbcf6685"},
    {file = "simplejson-3.19.3-cp39-cp39-win32.whl", hash = "sha256:0bc5544e3128891bf613b9f71813ee2ec9c11574806f74dd8bb84e5e95bf64a2"},
    {file = "simplejson-3.19.3-cp39-cp39-win_amd64.whl", hash = "sha256:06662392e4913dc8846d6a71a6d5de86db5fba244831abe1dd741d62a4136764"},
    {file = "simplejson-3.19.3-py3-none-any.whl", hash = "sha256:49cc4c7b940d43bd12bf87ec63f28cbc4964fc4e12c031cc8cd01650f43eb94e"},
    {file = "simplejson-3.19.3.tar.gz", hash = "sha256:8e086896c36210ab6050f2f9f095a5f1e03c83fa0e7f296d6cba425411364680"},
]

[metadata]
lock-version = "2.0"
python-versions = "^3.11"
content-hash = "31d5359e15fec6633ae5e5584f82afcb893aa5be15d59ac63ac4474615974480"
